{
  "name": "arcgis-core-template",
  "version": "1.0.0",
  "lockfileVersion": 2,
  "requires": true,
  "packages": {
    "": {
      "version": "1.0.0",
      "dependencies": {
        "@arcgis/core": "^4.23",
        "@esri/calcite-components": "^1.0.0-beta.78",
        "typescript": "^4.3.2",
        "vite": "^2.6.14"
      },
      "devDependencies": {
        "@types/sortablejs": "^1.10.7",
        "sass": "^1.49.8"
      }
    },
    "node_modules/@a11y/focus-trap": {
      "version": "1.0.5",
      "integrity": "sha512-3JOd6g+BALysWS8LNf0qdB8ltR651H/RCLAvUmfS0LIHwHO579XfjZUIZbURYiAZrcbp1CBAq4QZ2YwKNQZ1hw=="
    },
    "node_modules/@arcgis/core": {
      "version": "4.23.7",
      "integrity": "sha512-xi3eBV513CmoHQ6F1OurEt71aBt4FzDOaOrPKzsFVJnq0LeDPKUHfsBs4E8BoGLSk5df+gDCZG+WHTmzxu8c0w==",
      "dependencies": {
        "@esri/arcgis-html-sanitizer": "~2.9.0",
        "@esri/calcite-colors": "~6.0.1",
        "@esri/calcite-components": "1.0.0-beta.77",
        "@popperjs/core": "~2.11.4",
        "focus-trap": "~6.7.3",
        "luxon": "~2.3.1",
        "sortablejs": "~1.14.0"
      }
    },
    "node_modules/@arcgis/core/node_modules/@esri/calcite-components": {
      "version": "1.0.0-beta.77",
      "integrity": "sha512-fCE9ikXHzUQTHJSMXNYB1/WrPpKtQMUBbaypbbwwxM8y3ifavN0a5ns7NAC+W7uQJA+29fGpAlIMjXr/483eXw==",
      "dependencies": {
        "@a11y/focus-trap": "1.0.5",
        "@popperjs/core": "2.11.2",
        "@stencil/core": "2.13.0",
        "@types/color": "3.0.3",
        "color": "4.2.0",
        "form-request-submit-polyfill": "2.0.0",
        "lodash-es": "4.17.21",
        "sortablejs": "1.14.0"
      }
    },
    "node_modules/@arcgis/core/node_modules/@popperjs/core": {
      "version": "2.11.5",
      "integrity": "sha512-9X2obfABZuDVLCgPK9aX0a/x4jaOEweTTWE2+9sr0Qqqevj2Uv5XorvusThmc9XGYpS9yI+fhh8RTafBtGposw==",
      "funding": {
        "type": "opencollective",
        "url": "https://opencollective.com/popperjs"
      }
    },
    "node_modules/@arcgis/core/node_modules/@stencil/core": {
      "version": "2.13.0",
      "integrity": "sha512-EEKHOHgYpg3/iFUKMXTZJjUayRul7sXDwNw0OGgkEOe4t7JWiibDkzUHuruvpbqEydX+z1+ez5K2bMMY76c2wA==",
      "bin": {
        "stencil": "bin/stencil"
      },
      "engines": {
        "node": ">=12.10.0",
        "npm": ">=6.0.0"
      }
    },
    "node_modules/@arcgis/core/node_modules/color": {
      "version": "4.2.0",
      "integrity": "sha512-hHTcrbvEnGjC7WBMk6ibQWFVDgEFTVmjrz2Q5HlU6ltwxv0JJN2Z8I7uRbWeQLF04dikxs8zgyZkazRJvSMtyQ==",
      "dependencies": {
        "color-convert": "^2.0.1",
        "color-string": "^1.9.0"
      }
    },
    "node_modules/@esri/arcgis-html-sanitizer": {
      "version": "2.9.0",
      "integrity": "sha512-kF5gfE2W16Nu/p4P69bsGmo7CKzKiTHlK3oWOqrDy/ptaMxEDCorHLm9UKULCA478xlOQM6lSnq4o3HYgST5Lw==",
      "dependencies": {
        "lodash.isplainobject": "^4.0.6",
        "xss": "^1.0.10"
      }
    },
    "node_modules/@esri/calcite-colors": {
      "version": "6.0.1",
      "integrity": "sha512-iGUIIpeMCJSTDGw4ZsxLwwxkml0QzOUJTtysjRryGbhSt183NEtwWKS+yQO19utXQz5LbQWjoav6x6CsawElkw=="
    },
    "node_modules/@esri/calcite-components": {
      "version": "1.0.0-beta.78",
      "integrity": "sha512-+rL5xnqzOcxDodBYXI+fzUEIjoRTf4NmZs3w/YuEdAuyFjaENkh5CR4liUkRS6g9NBLgGg7S+EJodfvnJJGU1w==",
      "dependencies": {
        "@a11y/focus-trap": "1.0.5",
        "@popperjs/core": "2.11.2",
        "@stencil/core": "2.14.0",
        "@types/color": "3.0.3",
        "color": "4.2.1",
        "form-request-submit-polyfill": "2.0.0",
        "lodash-es": "4.17.21",
        "sortablejs": "1.14.0"
      }
    },
    "node_modules/@popperjs/core": {
      "version": "2.11.2",
      "integrity": "sha512-92FRmppjjqz29VMJ2dn+xdyXZBrMlE42AV6Kq6BwjWV7CNUW1hs2FtxSNLQE+gJhaZ6AAmYuO9y8dshhcBl7vA==",
      "funding": {
        "type": "opencollective",
        "url": "https://opencollective.com/popperjs"
      }
    },
    "node_modules/@stencil/core": {
      "version": "2.14.0",
      "integrity": "sha512-tiGFK9VADoHJvAZoTHN/c6YBaTzB5+V3aTn7CzjPxIqryjh3jCUlMP4VDvzkrnVWjhj8Fa82zMWdePgr/xoyOw==",
      "bin": {
        "stencil": "bin/stencil"
      },
      "engines": {
        "node": ">=12.10.0",
        "npm": ">=6.0.0"
      }
    },
    "node_modules/@types/color": {
      "version": "3.0.3",
      "integrity": "sha512-X//qzJ3d3Zj82J9sC/C18ZY5f43utPbAJ6PhYt/M7uG6etcF6MRpKdN880KBy43B0BMzSfeT96MzrsNjFI3GbA==",
      "dependencies": {
        "@types/color-convert": "*"
      }
    },
    "node_modules/@types/color-convert": {
      "version": "2.0.0",
      "integrity": "sha512-m7GG7IKKGuJUXvkZ1qqG3ChccdIM/qBBo913z+Xft0nKCX4hAU/IxKwZBU4cpRZ7GS5kV4vOblUkILtSShCPXQ==",
      "dependencies": {
        "@types/color-name": "*"
      }
    },
    "node_modules/@types/color-name": {
      "version": "1.1.1",
      "integrity": "sha512-rr+OQyAjxze7GgWrSaJwydHStIhHq2lvY3BOC2Mj7KnzI7XK0Uw1TOOdI9lDoajEbSWLiYgoo4f1R51erQfhPQ=="
    },
    "node_modules/@types/sortablejs": {
      "version": "1.10.7",
      "integrity": "sha512-lGCwwgpj8zW/ZmaueoPVSP7nnc9t8VqVWXS+ASX3eoUUENmiazv0rlXyTRludXzuX9ALjPsMqBu85TgJNWbTOg==",
      "dev": true
    },
    "node_modules/anymatch": {
      "version": "3.1.2",
      "integrity": "sha512-P43ePfOAIupkguHUycrc4qJ9kz8ZiuOUijaETwX7THt0Y/GNK7v0aa8rY816xWjZ7rJdA5XdMcpVFTKMq+RvWg==",
      "devOptional": true,
      "dependencies": {
        "normalize-path": "^3.0.0",
        "picomatch": "^2.0.4"
      },
      "engines": {
        "node": ">= 8"
      }
    },
    "node_modules/binary-extensions": {
      "version": "2.2.0",
      "integrity": "sha512-jDctJ/IVQbZoJykoeHbhXpOlNBqGNcwXJKJog42E5HDPUwQTSdjCHdihjj0DlnheQ7blbT6dHOafNAiS8ooQKA==",
      "devOptional": true,
      "engines": {
        "node": ">=8"
      }
    },
    "node_modules/braces": {
      "version": "3.0.2",
      "integrity": "sha512-b8um+L1RzM3WDSzvhm6gIz1yfTbBt6YTlcEKAvsmqCZZFw46z626lVj9j1yEPW33H5H+lBQpZMP1k8l+78Ha0A==",
      "devOptional": true,
      "dependencies": {
        "fill-range": "^7.0.1"
      },
      "engines": {
        "node": ">=8"
      }
    },
    "node_modules/chokidar": {
      "version": "3.5.3",
      "integrity": "sha512-Dr3sfKRP6oTcjf2JmUmFJfeVMvXBdegxB0iVQ5eb2V10uFJUCAS8OByZdVAyVb8xXNz3GjjTgj9kLWsZTqE6kw==",
      "devOptional": true,
      "funding": [
        {
          "type": "individual",
          "url": "https://paulmillr.com/funding/"
        }
      ],
      "dependencies": {
        "anymatch": "~3.1.2",
        "braces": "~3.0.2",
        "glob-parent": "~5.1.2",
        "is-binary-path": "~2.1.0",
        "is-glob": "~4.0.1",
        "normalize-path": "~3.0.0",
        "readdirp": "~3.6.0"
      },
      "engines": {
        "node": ">= 8.10.0"
      },
      "optionalDependencies": {
        "fsevents": "~2.3.2"
      }
    },
    "node_modules/color": {
      "version": "4.2.1",
      "integrity": "sha512-MFJr0uY4RvTQUKvPq7dh9grVOTYSFeXja2mBXioCGjnjJoXrAp9jJ1NQTDR73c9nwBSAQiNKloKl5zq9WB9UPw==",
      "dependencies": {
        "color-convert": "^2.0.1",
        "color-string": "^1.9.0"
      },
      "engines": {
        "node": ">=12.5.0"
      }
    },
    "node_modules/color-convert": {
      "version": "2.0.1",
      "integrity": "sha512-RRECPsj7iu/xb5oKYcsFHSppFNnsj/52OVTRKb4zP5onXwVF3zVmmToNcOfGC+CRDpfK/U584fMg38ZHCaElKQ==",
      "dependencies": {
        "color-name": "~1.1.4"
      },
      "engines": {
        "node": ">=7.0.0"
      }
    },
    "node_modules/color-name": {
      "version": "1.1.4",
      "integrity": "sha512-dOy+3AuW3a2wNbZHIuMZpTcgjGuLU/uBL/ubcZF9OXbDo8ff4O8yVp5Bf0efS8uEoYo5q4Fx7dY9OgQGXgAsQA=="
    },
    "node_modules/color-string": {
      "version": "1.9.0",
      "integrity": "sha512-9Mrz2AQLefkH1UvASKj6v6hj/7eWgjnT/cVsR8CumieLoT+g900exWeNogqtweI8dxloXN9BDQTYro1oWu/5CQ==",
      "dependencies": {
        "color-name": "^1.0.0",
        "simple-swizzle": "^0.2.2"
      }
    },
    "node_modules/commander": {
      "version": "2.20.3",
      "integrity": "sha512-GpVkmM8vF2vQUkj2LvZmD35JxeJOLCwJ9cUkugyk2nuhbv3+mJvpLYYt+0+USMxE+oj+ey/lJEnhZw75x/OMcQ=="
    },
    "node_modules/cssfilter": {
      "version": "0.0.10",
      "integrity": "sha1-xtJnJjKi5cg+AT5oZKQs6N79IK4="
    },
    "node_modules/esbuild": {
      "version": "0.14.23",
      "integrity": "sha512-XjnIcZ9KB6lfonCa+jRguXyRYcldmkyZ99ieDksqW/C8bnyEX299yA4QH2XcgijCgaddEZePPTgvx/2imsq7Ig==",
      "hasInstallScript": true,
      "bin": {
        "esbuild": "bin/esbuild"
      },
      "engines": {
        "node": ">=12"
      },
      "optionalDependencies": {
        "esbuild-android-arm64": "0.14.23",
        "esbuild-darwin-64": "0.14.23",
        "esbuild-darwin-arm64": "0.14.23",
        "esbuild-freebsd-64": "0.14.23",
        "esbuild-freebsd-arm64": "0.14.23",
        "esbuild-linux-32": "0.14.23",
        "esbuild-linux-64": "0.14.23",
        "esbuild-linux-arm": "0.14.23",
        "esbuild-linux-arm64": "0.14.23",
        "esbuild-linux-mips64le": "0.14.23",
        "esbuild-linux-ppc64le": "0.14.23",
        "esbuild-linux-riscv64": "0.14.23",
        "esbuild-linux-s390x": "0.14.23",
        "esbuild-netbsd-64": "0.14.23",
        "esbuild-openbsd-64": "0.14.23",
        "esbuild-sunos-64": "0.14.23",
        "esbuild-windows-32": "0.14.23",
        "esbuild-windows-64": "0.14.23",
        "esbuild-windows-arm64": "0.14.23"
      }
    },
    "node_modules/esbuild-darwin-64": {
      "version": "0.14.23",
      "integrity": "sha512-lB0XRbtOYYL1tLcYw8BoBaYsFYiR48RPrA0KfA/7RFTr4MV7Bwy/J4+7nLsVnv9FGuQummM3uJ93J3ptaTqFug==",
      "cpu": [
        "x64"
      ],
      "optional": true,
      "os": [
        "darwin"
      ],
      "engines": {
        "node": ">=12"
      }
    },
    "node_modules/fill-range": {
      "version": "7.0.1",
      "integrity": "sha512-qOo9F+dMUmC2Lcb4BbVvnKJxTPjCm+RRpe4gDuGrzkL7mEVl/djYSu2OdQ2Pa302N4oqkSg9ir6jaLWJ2USVpQ==",
      "devOptional": true,
      "dependencies": {
        "to-regex-range": "^5.0.1"
      },
      "engines": {
        "node": ">=8"
      }
    },
    "node_modules/focus-trap": {
      "version": "6.7.3",
      "integrity": "sha512-8xCEKndV4KrseGhFKKKmczVA14yx1/hnmFICPOjcFjToxCJYj/NHH43tPc3YE/PLnLRNZoFug0EcWkGQde/miQ==",
      "dependencies": {
        "tabbable": "^5.2.1"
      }
    },
    "node_modules/form-request-submit-polyfill": {
      "version": "2.0.0",
      "integrity": "sha512-p0+M92y2gFnP0AuuL8VJ0GYVzAT0bYp3GsSkmPFhvUopdnfDLP/9xplQTBBc4w8qOjKRzdK7GaFcdL9IhlXdTQ=="
    },
    "node_modules/fsevents": {
      "version": "2.3.2",
      "integrity": "sha512-xiqMQR4xAeHTuB9uWm+fFRcIOgKBMiOBP+eXiyT7jsgVCq1bkVygt00oASowB7EdtpOHaaPgKt812P9ab+DDKA==",
      "hasInstallScript": true,
      "optional": true,
      "os": [
        "darwin"
      ],
      "engines": {
        "node": "^8.16.0 || ^10.6.0 || >=11.0.0"
      }
    },
    "node_modules/function-bind": {
      "version": "1.1.1",
      "integrity": "sha512-yIovAzMX49sF8Yl58fSCWJ5svSLuaibPxXQJFLmBObTuCr0Mf1KiPopGM9NiFjiYBCbfaa2Fh6breQ6ANVTI0A=="
    },
    "node_modules/glob-parent": {
      "version": "5.1.2",
      "integrity": "sha512-AOIgSQCepiJYwP3ARnGx+5VnTu2HBYdzbGP45eLw1vr3zB3vZLeyed1sC9hnbcOc9/SrMyM5RPQrkGz4aS9Zow==",
      "devOptional": true,
      "dependencies": {
        "is-glob": "^4.0.1"
      },
      "engines": {
        "node": ">= 6"
      }
    },
    "node_modules/has": {
      "version": "1.0.3",
      "integrity": "sha512-f2dvO0VU6Oej7RkWJGrehjbzMAjFp5/VKPp5tTpWIV4JHHZK1/BxbFRtf/siA2SWTe09caDmVtYYzWEIbBS4zw==",
      "dependencies": {
        "function-bind": "^1.1.1"
      },
      "engines": {
        "node": ">= 0.4.0"
      }
    },
    "node_modules/immutable": {
      "version": "4.0.0",
      "integrity": "sha512-zIE9hX70qew5qTUjSS7wi1iwj/l7+m54KWU247nhM3v806UdGj1yDndXj+IOYxxtW9zyLI+xqFNZjTuDaLUqFw==",
      "devOptional": true
    },
    "node_modules/is-arrayish": {
      "version": "0.3.2",
      "integrity": "sha512-eVRqCvVlZbuw3GrM63ovNSNAeA1K16kaR/LRY/92w0zxQ5/1YzwblUX652i4Xs9RwAGjW9d9y6X88t8OaAJfWQ=="
    },
    "node_modules/is-binary-path": {
      "version": "2.1.0",
      "integrity": "sha512-ZMERYes6pDydyuGidse7OsHxtbI7WVeUEozgR/g7rd0xUimYNlvZRE/K2MgZTjWy725IfelLeVcEM97mmtRGXw==",
      "devOptional": true,
      "dependencies": {
        "binary-extensions": "^2.0.0"
      },
      "engines": {
        "node": ">=8"
      }
    },
    "node_modules/is-core-module": {
      "version": "2.8.1",
      "integrity": "sha512-SdNCUs284hr40hFTFP6l0IfZ/RSrMXF3qgoRHd3/79unUTvrFO/JoXwkGm+5J/Oe3E/b5GsnG330uUNgRpu1PA==",
      "dependencies": {
        "has": "^1.0.3"
      },
      "funding": {
        "url": "https://github.com/sponsors/ljharb"
      }
    },
    "node_modules/is-extglob": {
      "version": "2.1.1",
      "integrity": "sha1-qIwCU1eR8C7TfHahueqXc8gz+MI=",
      "devOptional": true,
      "engines": {
        "node": ">=0.10.0"
      }
    },
    "node_modules/is-glob": {
      "version": "4.0.3",
      "integrity": "sha512-xelSayHH36ZgE7ZWhli7pW34hNbNl8Ojv5KVmkJD4hBdD3th8Tfk9vYasLM+mXWOZhFkgZfxhLSnrwRr4elSSg==",
      "devOptional": true,
      "dependencies": {
        "is-extglob": "^2.1.1"
      },
      "engines": {
        "node": ">=0.10.0"
      }
    },
    "node_modules/is-number": {
      "version": "7.0.0",
      "integrity": "sha512-41Cifkg6e8TylSpdtTpeLVMqvSBEVzTttHvERD741+pnZ8ANv0004MRL43QKPDlK9cGvNp6NZWZUBlbGXYxxng==",
      "devOptional": true,
      "engines": {
        "node": ">=0.12.0"
      }
    },
    "node_modules/lodash-es": {
      "version": "4.17.21",
      "integrity": "sha512-mKnC+QJ9pWVzv+C4/U3rRsHapFfHvQFoFB92e52xeyGMcX6/OlIl78je1u8vePzYZSkkogMPJ2yjxxsb89cxyw=="
    },
    "node_modules/lodash.isplainobject": {
      "version": "4.0.6",
      "integrity": "sha1-fFJqUtibRcRcxpC4gWO+BJf1UMs="
    },
    "node_modules/luxon": {
      "version": "2.3.1",
      "integrity": "sha512-I8vnjOmhXsMSlNMZlMkSOvgrxKJl0uOsEzdGgGNZuZPaS9KlefpE9KV95QFftlJSC+1UyCC9/I69R02cz/zcCA==",
      "engines": {
        "node": ">=12"
      }
    },
    "node_modules/nanoid": {
      "version": "3.3.1",
      "integrity": "sha512-n6Vs/3KGyxPQd6uO0eH4Bv0ojGSUvuLlIHtC3Y0kEO23YRge8H9x1GCzLn28YX0H66pMkxuaeESFq4tKISKwdw==",
      "bin": {
        "nanoid": "bin/nanoid.cjs"
      },
      "engines": {
        "node": "^10 || ^12 || ^13.7 || ^14 || >=15.0.1"
      }
    },
    "node_modules/normalize-path": {
      "version": "3.0.0",
      "integrity": "sha512-6eZs5Ls3WtCisHWp9S2GUy8dqkpGi4BVSz3GaqiE6ezub0512ESztXUwUB6C6IKbQkY2Pnb/mD4WYojCRwcwLA==",
      "devOptional": true,
      "engines": {
        "node": ">=0.10.0"
      }
    },
    "node_modules/path-parse": {
      "version": "1.0.7",
      "integrity": "sha512-LDJzPVEEEPR+y48z93A0Ed0yXb8pAByGWo/k5YYdYgpY2/2EsOsksJrq7lOHxryrVOn1ejG6oAp8ahvOIQD8sw=="
    },
    "node_modules/picocolors": {
      "version": "1.0.0",
      "integrity": "sha512-1fygroTLlHu66zi26VoTDv8yRgm0Fccecssto+MhsZ0D/DGW2sm8E8AjW7NU5VVTRt5GxbeZ5qBuJr+HyLYkjQ=="
    },
    "node_modules/picomatch": {
      "version": "2.3.1",
      "integrity": "sha512-JU3teHTNjmE2VCGFzuY8EXzCDVwEqB2a8fsIvwaStHhAWJEeVd1o1QD80CU6+ZdEXXSLbSsuLwJjkCBWqRQUVA==",
      "devOptional": true,
      "engines": {
        "node": ">=8.6"
      },
      "funding": {
        "url": "https://github.com/sponsors/jonschlinkert"
      }
    },
    "node_modules/postcss": {
      "version": "8.4.6",
      "integrity": "sha512-OovjwIzs9Te46vlEx7+uXB0PLijpwjXGKXjVGGPIGubGpq7uh5Xgf6D6FiJ/SzJMBosHDp6a2hiXOS97iBXcaA==",
      "dependencies": {
        "nanoid": "^3.2.0",
        "picocolors": "^1.0.0",
        "source-map-js": "^1.0.2"
      },
      "engines": {
        "node": "^10 || ^12 || >=14"
      },
      "funding": {
        "type": "opencollective",
        "url": "https://opencollective.com/postcss/"
      }
    },
    "node_modules/readdirp": {
      "version": "3.6.0",
      "integrity": "sha512-hOS089on8RduqdbhvQ5Z37A0ESjsqz6qnRcffsMU3495FuTdqSm+7bhJ29JvIOsBDEEnan5DPu9t3To9VRlMzA==",
      "devOptional": true,
      "dependencies": {
        "picomatch": "^2.2.1"
      },
      "engines": {
        "node": ">=8.10.0"
      }
    },
    "node_modules/resolve": {
      "version": "1.22.0",
      "integrity": "sha512-Hhtrw0nLeSrFQ7phPp4OOcVjLPIeMnRlr5mcnVuMe7M/7eBn98A3hmFRLoFo3DLZkivSYwhRUJTyPyWAk56WLw==",
      "dependencies": {
        "is-core-module": "^2.8.1",
        "path-parse": "^1.0.7",
        "supports-preserve-symlinks-flag": "^1.0.0"
      },
      "bin": {
        "resolve": "bin/resolve"
      },
      "funding": {
        "url": "https://github.com/sponsors/ljharb"
      }
    },
    "node_modules/rollup": {
      "version": "2.67.3",
      "integrity": "sha512-G/x1vUwbGtP6O5ZM8/sWr8+p7YfZhI18pPqMRtMYMWSbHjKZ/ajHGiM+GWNTlWyOR0EHIdT8LHU+Z4ciIZ1oBw==",
      "bin": {
        "rollup": "dist/bin/rollup"
      },
      "engines": {
        "node": ">=10.0.0"
      },
      "optionalDependencies": {
        "fsevents": "~2.3.2"
      }
    },
    "node_modules/sass": {
      "version": "1.49.8",
      "integrity": "sha512-NoGOjvDDOU9og9oAxhRnap71QaTjjlzrvLnKecUJ3GxhaQBrV6e7gPuSPF28u1OcVAArVojPAe4ZhOXwwC4tGw==",
      "devOptional": true,
      "dependencies": {
        "chokidar": ">=3.0.0 <4.0.0",
        "immutable": "^4.0.0",
        "source-map-js": ">=0.6.2 <2.0.0"
      },
      "bin": {
        "sass": "sass.js"
      },
      "engines": {
        "node": ">=12.0.0"
      }
    },
    "node_modules/simple-swizzle": {
      "version": "0.2.2",
      "integrity": "sha1-pNprY1/8zMoz9w0Xy5JZLeleVXo=",
      "dependencies": {
        "is-arrayish": "^0.3.1"
      }
    },
    "node_modules/sortablejs": {
      "version": "1.14.0",
      "integrity": "sha512-pBXvQCs5/33fdN1/39pPL0NZF20LeRbLQ5jtnheIPN9JQAaufGjKdWduZn4U7wCtVuzKhmRkI0DFYHYRbB2H1w=="
    },
    "node_modules/source-map-js": {
      "version": "1.0.2",
      "integrity": "sha512-R0XvVJ9WusLiqTCEiGCmICCMplcCkIwwR11mOSD9CR5u+IXYdiseeEuXCVAjS54zqwkLcPNnmU4OeJ6tUrWhDw==",
      "engines": {
        "node": ">=0.10.0"
      }
    },
    "node_modules/supports-preserve-symlinks-flag": {
      "version": "1.0.0",
      "integrity": "sha512-ot0WnXS9fgdkgIcePe6RHNk1WA8+muPa6cSjeR3V8K27q9BB1rTE3R1p7Hv0z1ZyAc8s6Vvv8DIyWf681MAt0w==",
      "engines": {
        "node": ">= 0.4"
      },
      "funding": {
        "url": "https://github.com/sponsors/ljharb"
      }
    },
    "node_modules/tabbable": {
      "version": "5.2.1",
      "integrity": "sha512-40pEZ2mhjaZzK0BnI+QGNjJO8UYx9pP5v7BGe17SORTO0OEuuaAwQTkAp8whcZvqon44wKFOikD+Al11K3JICQ=="
    },
    "node_modules/to-regex-range": {
      "version": "5.0.1",
      "integrity": "sha512-65P7iz6X5yEr1cwcgvQxbbIw7Uk3gOy5dIdtZ4rDveLqhrdJP+Li/Hx6tyK0NEb+2GCyneCMJiGqrADCSNk8sQ==",
      "devOptional": true,
      "dependencies": {
        "is-number": "^7.0.0"
      },
      "engines": {
        "node": ">=8.0"
      }
    },
    "node_modules/typescript": {
      "version": "4.5.5",
      "integrity": "sha512-TCTIul70LyWe6IJWT8QSYeA54WQe8EjQFU4wY52Fasj5UKx88LNYKCgBEHcOMOrFF1rKGbD8v/xcNWVUq9SymA==",
      "bin": {
        "tsc": "bin/tsc",
        "tsserver": "bin/tsserver"
      },
      "engines": {
        "node": ">=4.2.0"
      }
    },
    "node_modules/vite": {
      "version": "2.8.4",
      "integrity": "sha512-GwtOkkaT2LDI82uWZKcrpRQxP5tymLnC7hVHHqNkhFNknYr0hJUlDLfhVRgngJvAy3RwypkDCWtTKn1BjO96Dw==",
      "dependencies": {
        "esbuild": "^0.14.14",
        "postcss": "^8.4.6",
        "resolve": "^1.22.0",
        "rollup": "^2.59.0"
      },
      "bin": {
        "vite": "bin/vite.js"
      },
      "engines": {
        "node": ">=12.2.0"
      },
      "optionalDependencies": {
        "fsevents": "~2.3.2"
      },
      "peerDependencies": {
        "less": "*",
        "sass": "*",
        "stylus": "*"
      },
      "peerDependenciesMeta": {
        "less": {
          "optional": true
        },
        "sass": {
          "optional": true
        },
        "stylus": {
          "optional": true
        }
      }
    },
    "node_modules/xss": {
      "version": "1.0.10",
      "integrity": "sha512-qmoqrRksmzqSKvgqzN0055UFWY7OKx1/9JWeRswwEVX9fCG5jcYRxa/A2DHcmZX6VJvjzHRQ2STeeVcQkrmLSw==",
      "dependencies": {
        "commander": "^2.20.3",
        "cssfilter": "0.0.10"
      },
      "bin": {
        "xss": "bin/xss"
      },
      "engines": {
        "node": ">= 0.10.0"
      }
    }
  },
  "dependencies": {
    "@a11y/focus-trap": {
      "version": "1.0.5"
    },
    "@arcgis/core": {
      "version": "4.23.7",
      "requires": {
        "@esri/arcgis-html-sanitizer": "~2.9.0",
        "@esri/calcite-colors": "~6.0.1",
        "@esri/calcite-components": "1.0.0-beta.77",
        "@popperjs/core": "~2.11.4",
        "focus-trap": "~6.7.3",
        "luxon": "~2.3.1",
        "sortablejs": "~1.14.0"
      },
      "dependencies": {
        "@esri/calcite-components": {
          "version": "1.0.0-beta.77",
          "requires": {
            "@a11y/focus-trap": "1.0.5",
            "@popperjs/core": "2.11.2",
            "@stencil/core": "2.13.0",
            "@types/color": "3.0.3",
            "color": "4.2.0",
            "form-request-submit-polyfill": "2.0.0",
            "lodash-es": "4.17.21",
            "sortablejs": "1.14.0"
          }
        },
        "@popperjs/core": {
          "version": "2.11.5"
        },
        "@stencil/core": {
          "version": "2.13.0"
        },
        "color": {
          "version": "4.2.0",
          "requires": {
            "color-convert": "^2.0.1",
            "color-string": "^1.9.0"
          }
        }
      }
    },
    "@esri/arcgis-html-sanitizer": {
      "version": "2.9.0",
      "requires": {
        "lodash.isplainobject": "^4.0.6",
        "xss": "^1.0.10"
      }
    },
    "@esri/calcite-colors": {
      "version": "6.0.1"
    },
    "@esri/calcite-components": {
      "version": "1.0.0-beta.78",
      "requires": {
        "@a11y/focus-trap": "1.0.5",
        "@popperjs/core": "2.11.2",
        "@stencil/core": "2.14.0",
        "@types/color": "3.0.3",
        "color": "4.2.1",
        "form-request-submit-polyfill": "2.0.0",
        "lodash-es": "4.17.21",
        "sortablejs": "1.14.0"
      }
    },
    "@popperjs/core": {
      "version": "2.11.2"
    },
    "@stencil/core": {
      "version": "2.14.0"
    },
    "@types/color": {
      "version": "3.0.3",
      "requires": {
        "@types/color-convert": "*"
      }
    },
    "@types/color-convert": {
      "version": "2.0.0",
      "requires": {
        "@types/color-name": "*"
      }
    },
    "@types/color-name": {
      "version": "1.1.1"
    },
    "@types/sortablejs": {
      "version": "1.10.7",
      "dev": true
    },
    "anymatch": {
      "version": "3.1.2",
      "devOptional": true,
      "requires": {
        "normalize-path": "^3.0.0",
        "picomatch": "^2.0.4"
      }
    },
    "binary-extensions": {
      "version": "2.2.0",
      "devOptional": true
    },
    "braces": {
      "version": "3.0.2",
      "devOptional": true,
      "requires": {
        "fill-range": "^7.0.1"
      }
    },
    "chokidar": {
      "version": "3.5.3",
      "devOptional": true,
      "requires": {
        "anymatch": "~3.1.2",
        "braces": "~3.0.2",
        "fsevents": "~2.3.2",
        "glob-parent": "~5.1.2",
        "is-binary-path": "~2.1.0",
        "is-glob": "~4.0.1",
        "normalize-path": "~3.0.0",
        "readdirp": "~3.6.0"
      }
    },
    "color": {
      "version": "4.2.1",
      "requires": {
        "color-convert": "^2.0.1",
        "color-string": "^1.9.0"
      }
    },
    "color-convert": {
      "version": "2.0.1",
      "requires": {
        "color-name": "~1.1.4"
      }
    },
    "color-name": {
      "version": "1.1.4"
    },
    "color-string": {
      "version": "1.9.0",
      "requires": {
        "color-name": "^1.0.0",
        "simple-swizzle": "^0.2.2"
      }
    },
    "commander": {
      "version": "2.20.3"
    },
    "cssfilter": {
      "version": "0.0.10"
    },
    "esbuild": {
      "version": "0.14.23",
      "requires": {
        "esbuild-android-arm64": "0.14.23",
        "esbuild-darwin-64": "0.14.23",
        "esbuild-darwin-arm64": "0.14.23",
        "esbuild-freebsd-64": "0.14.23",
        "esbuild-freebsd-arm64": "0.14.23",
        "esbuild-linux-32": "0.14.23",
        "esbuild-linux-64": "0.14.23",
        "esbuild-linux-arm": "0.14.23",
        "esbuild-linux-arm64": "0.14.23",
        "esbuild-linux-mips64le": "0.14.23",
        "esbuild-linux-ppc64le": "0.14.23",
        "esbuild-linux-riscv64": "0.14.23",
        "esbuild-linux-s390x": "0.14.23",
        "esbuild-netbsd-64": "0.14.23",
        "esbuild-openbsd-64": "0.14.23",
        "esbuild-sunos-64": "0.14.23",
        "esbuild-windows-32": "0.14.23",
        "esbuild-windows-64": "0.14.23",
        "esbuild-windows-arm64": "0.14.23"
      }
    },
    "esbuild-darwin-64": {
      "version": "0.14.23",
      "optional": true
    },
    "fill-range": {
      "version": "7.0.1",
      "devOptional": true,
      "requires": {
        "to-regex-range": "^5.0.1"
      }
    },
    "focus-trap": {
      "version": "6.7.3",
      "requires": {
        "tabbable": "^5.2.1"
      }
    },
    "form-request-submit-polyfill": {
      "version": "2.0.0"
    },
    "fsevents": {
      "version": "2.3.2",
      "optional": true
    },
    "function-bind": {
      "version": "1.1.1"
    },
    "glob-parent": {
      "version": "5.1.2",
      "devOptional": true,
      "requires": {
        "is-glob": "^4.0.1"
      }
    },
    "has": {
      "version": "1.0.3",
      "requires": {
        "function-bind": "^1.1.1"
      }
    },
    "immutable": {
      "version": "4.0.0",
      "devOptional": true
    },
    "is-arrayish": {
      "version": "0.3.2"
    },
    "is-binary-path": {
      "version": "2.1.0",
      "devOptional": true,
      "requires": {
        "binary-extensions": "^2.0.0"
      }
    },
    "is-core-module": {
      "version": "2.8.1",
      "requires": {
        "has": "^1.0.3"
      }
    },
    "is-extglob": {
      "version": "2.1.1",
      "devOptional": true
    },
    "is-glob": {
      "version": "4.0.3",
      "devOptional": true,
      "requires": {
        "is-extglob": "^2.1.1"
      }
    },
    "is-number": {
      "version": "7.0.0",
      "devOptional": true
    },
    "lodash-es": {
      "version": "4.17.21"
    },
    "lodash.isplainobject": {
      "version": "4.0.6"
    },
    "luxon": {
      "version": "2.3.1"
    },
    "nanoid": {
      "version": "3.3.1"
    },
    "normalize-path": {
      "version": "3.0.0",
      "devOptional": true
    },
    "path-parse": {
      "version": "1.0.7"
    },
    "picocolors": {
      "version": "1.0.0"
    },
    "picomatch": {
      "version": "2.3.1",
      "devOptional": true
    },
    "postcss": {
      "version": "8.4.6",
      "requires": {
        "nanoid": "^3.2.0",
        "picocolors": "^1.0.0",
        "source-map-js": "^1.0.2"
      }
    },
    "readdirp": {
      "version": "3.6.0",
      "devOptional": true,
      "requires": {
        "picomatch": "^2.2.1"
      }
    },
    "resolve": {
      "version": "1.22.0",
      "requires": {
        "is-core-module": "^2.8.1",
        "path-parse": "^1.0.7",
        "supports-preserve-symlinks-flag": "^1.0.0"
      }
    },
    "rollup": {
      "version": "2.67.3",
      "requires": {
        "fsevents": "~2.3.2"
      }
    },
    "sass": {
      "version": "1.49.8",
      "devOptional": true,
      "requires": {
        "chokidar": ">=3.0.0 <4.0.0",
        "immutable": "^4.0.0",
        "source-map-js": ">=0.6.2 <2.0.0"
      }
    },
    "simple-swizzle": {
      "version": "0.2.2",
      "requires": {
        "is-arrayish": "^0.3.1"
      }
    },
    "sortablejs": {
      "version": "1.14.0"
    },
    "source-map-js": {
      "version": "1.0.2"
    },
    "supports-preserve-symlinks-flag": {
      "version": "1.0.0"
    },
    "tabbable": {
      "version": "5.2.1"
    },
    "to-regex-range": {
      "version": "5.0.1",
      "devOptional": true,
      "requires": {
        "is-number": "^7.0.0"
      }
    },
    "typescript": {
      "version": "4.5.5"
    },
    "vite": {
      "version": "2.8.4",
      "requires": {
        "esbuild": "^0.14.14",
        "fsevents": "~2.3.2",
        "postcss": "^8.4.6",
        "resolve": "^1.22.0",
        "rollup": "^2.59.0"
      }
    },
    "xss": {
      "version": "1.0.10",
      "requires": {
        "commander": "^2.20.3",
        "cssfilter": "0.0.10"
      }
    }
  }
}
